// !$*UTF8*$!
{
	archiveVersion = 1;
	classes = {
	};
	objectVersion = 50;
	objects = {

/* Begin PBXBuildFile section */
		2C4B81D32415904F0064B765 /* AppDelegate.swift in Sources */ = {isa = PBXBuildFile; fileRef = 2C4B81D22415904F0064B765 /* AppDelegate.swift */; };
		2C4B81D52415904F0064B765 /* SceneDelegate.swift in Sources */ = {isa = PBXBuildFile; fileRef = 2C4B81D42415904F0064B765 /* SceneDelegate.swift */; };
		2C4B81D72415904F0064B765 /* ViewController.swift in Sources */ = {isa = PBXBuildFile; fileRef = 2C4B81D62415904F0064B765 /* ViewController.swift */; };
		2C4B81DA2415904F0064B765 /* Main.storyboard in Resources */ = {isa = PBXBuildFile; fileRef = 2C4B81D82415904F0064B765 /* Main.storyboard */; };
		2C4B81DC241590510064B765 /* Assets.xcassets in Resources */ = {isa = PBXBuildFile; fileRef = 2C4B81DB241590510064B765 /* Assets.xcassets */; };
		2C4B81DF241590510064B765 /* LaunchScreen.storyboard in Resources */ = {isa = PBXBuildFile; fileRef = 2C4B81DD241590510064B765 /* LaunchScreen.storyboard */; };
		2C4B81EA241590510064B765 /* GistTests.swift in Sources */ = {isa = PBXBuildFile; fileRef = 2C4B81E9241590510064B765 /* GistTests.swift */; };
/* End PBXBuildFile section */

/* Begin PBXContainerItemProxy section */
		2C4B81E6241590510064B765 /* PBXContainerItemProxy */ = {
			isa = PBXContainerItemProxy;
			containerPortal = 2C4B81C72415904F0064B765 /* Project object */;
			proxyType = 1;
			remoteGlobalIDString = 2C4B81CE2415904F0064B765;
			remoteInfo = Gist;
		};
/* End PBXContainerItemProxy section */

/* Begin PBXFileReference section */
		2C4B81CF2415904F0064B765 /* Gist.app */ = {isa = PBXFileReference; explicitFileType = wrapper.application; includeInIndex = 0; path = Gist.app; sourceTree = BUILT_PRODUCTS_DIR; };
		2C4B81D22415904F0064B765 /* AppDelegate.swift */ = {isa = PBXFileReference; lastKnownFileType = sourcecode.swift; path = AppDelegate.swift; sourceTree = "<group>"; };
		2C4B81D42415904F0064B765 /* SceneDelegate.swift */ = {isa = PBXFileReference; lastKnownFileType = sourcecode.swift; path = SceneDelegate.swift; sourceTree = "<group>"; };
		2C4B81D62415904F0064B765 /* ViewController.swift */ = {isa = PBXFileReference; lastKnownFileType = sourcecode.swift; path = ViewController.swift; sourceTree = "<group>"; };
		2C4B81D92415904F0064B765 /* Base */ = {isa = PBXFileReference; lastKnownFileType = file.storyboard; name = Base; path = Base.lproj/Main.storyboard; sourceTree = "<group>"; };
		2C4B81DB241590510064B765 /* Assets.xcassets */ = {isa = PBXFileReference; lastKnownFileType = folder.assetcatalog; path = Assets.xcassets; sourceTree = "<group>"; };
		2C4B81DE241590510064B765 /* Base */ = {isa = PBXFileReference; lastKnownFileType = file.storyboard; name = Base; path = Base.lproj/LaunchScreen.storyboard; sourceTree = "<group>"; };
		2C4B81E0241590510064B765 /* Info.plist */ = {isa = PBXFileReference; lastKnownFileType = text.plist.xml; path = Info.plist; sourceTree = "<group>"; };
		2C4B81E5241590510064B765 /* GistTests.xctest */ = {isa = PBXFileReference; explicitFileType = wrapper.cfbundle; includeInIndex = 0; path = GistTests.xctest; sourceTree = BUILT_PRODUCTS_DIR; };
		2C4B81E9241590510064B765 /* GistTests.swift */ = {isa = PBXFileReference; lastKnownFileType = sourcecode.swift; path = GistTests.swift; sourceTree = "<group>"; };
		2C4B81EB241590510064B765 /* Info.plist */ = {isa = PBXFileReference; lastKnownFileType = text.plist.xml; path = Info.plist; sourceTree = "<group>"; };
/* End PBXFileReference section */

/* Begin PBXFrameworksBuildPhase section */
		2C4B81CC2415904F0064B765 /* Frameworks */ = {
			isa = PBXFrameworksBuildPhase;
			buildActionMask = 2147483647;
			files = (
			);
			runOnlyForDeploymentPostprocessing = 0;
		};
		2C4B81E2241590510064B765 /* Frameworks */ = {
			isa = PBXFrameworksBuildPhase;
			buildActionMask = 2147483647;
			files = (
			);
			runOnlyForDeploymentPostprocessing = 0;
		};
/* End PBXFrameworksBuildPhase section */

/* Begin PBXGroup section */
		2C4B81C62415904F0064B765 = {
			isa = PBXGroup;
			children = (
				2C4B81D12415904F0064B765 /* Gist */,
				2C4B81E8241590510064B765 /* GistTests */,
				2C4B81D02415904F0064B765 /* Products */,
			);
			sourceTree = "<group>";
		};
		2C4B81D02415904F0064B765 /* Products */ = {
			isa = PBXGroup;
			children = (
				2C4B81CF2415904F0064B765 /* Gist.app */,
				2C4B81E5241590510064B765 /* GistTests.xctest */,
			);
			name = Products;
			sourceTree = "<group>";
		};
		2C4B81D12415904F0064B765 /* Gist */ = {
			isa = PBXGroup;
			children = (
				2C4B81D22415904F0064B765 /* AppDelegate.swift */,
				2C4B81D42415904F0064B765 /* SceneDelegate.swift */,
				2C4B81D62415904F0064B765 /* ViewController.swift */,
				2C4B81D82415904F0064B765 /* Main.storyboard */,
				2C4B81DB241590510064B765 /* Assets.xcassets */,
				2C4B81DD241590510064B765 /* LaunchScreen.storyboard */,
				2C4B81E0241590510064B765 /* Info.plist */,
			);
			path = Gist;
			sourceTree = "<group>";
		};
		2C4B81E8241590510064B765 /* GistTests */ = {
			isa = PBXGroup;
			children = (
				2C4B81E9241590510064B765 /* GistTests.swift */,
				2C4B81EB241590510064B765 /* Info.plist */,
			);
			path = GistTests;
			sourceTree = "<group>";
		};
/* End PBXGroup section */

/* Begin PBXNativeTarget section */
		2C4B81CE2415904F0064B765 /* Gist */ = {
			isa = PBXNativeTarget;
			buildConfigurationList = 2C4B81EE241590510064B765 /* Build configuration list for PBXNativeTarget "Gist" */;
			buildPhases = (
				2C4B81CB2415904F0064B765 /* Sources */,
				2C4B81CC2415904F0064B765 /* Frameworks */,
				2C4B81CD2415904F0064B765 /* Resources */,
			);
			buildRules = (
			);
			dependencies = (
			);
			name = Gist;
			productName = Gist;
			productReference = 2C4B81CF2415904F0064B765 /* Gist.app */;
			productType = "com.apple.product-type.application";
		};
		2C4B81E4241590510064B765 /* GistTests */ = {
			isa = PBXNativeTarget;
			buildConfigurationList = 2C4B81F1241590510064B765 /* Build configuration list for PBXNativeTarget "GistTests" */;
			buildPhases = (
				2C4B81E1241590510064B765 /* Sources */,
				2C4B81E2241590510064B765 /* Frameworks */,
				2C4B81E3241590510064B765 /* Resources */,
			);
			buildRules = (
			);
			dependencies = (
				2C4B81E7241590510064B765 /* PBXTargetDependency */,
			);
			name = GistTests;
			productName = GistTests;
			productReference = 2C4B81E5241590510064B765 /* GistTests.xctest */;
			productType = "com.apple.product-type.bundle.unit-test";
		};
/* End PBXNativeTarget section */

/* Begin PBXProject section */
		2C4B81C72415904F0064B765 /* Project object */ = {
			isa = PBXProject;
			attributes = {
				LastSwiftUpdateCheck = 1130;
				LastUpgradeCheck = 1130;
				ORGANIZATIONNAME = Lourin;
				TargetAttributes = {
					2C4B81CE2415904F0064B765 = {
						CreatedOnToolsVersion = 11.3.1;
					};
					2C4B81E4241590510064B765 = {
						CreatedOnToolsVersion = 11.3.1;
						TestTargetID = 2C4B81CE2415904F0064B765;
					};
				};
			};
			buildConfigurationList = 2C4B81CA2415904F0064B765 /* Build configuration list for PBXProject "Gist" */;
			compatibilityVersion = "Xcode 9.3";
			developmentRegion = en;
			hasScannedForEncodings = 0;
			knownRegions = (
				en,
				Base,
			);
			mainGroup = 2C4B81C62415904F0064B765;
			productRefGroup = 2C4B81D02415904F0064B765 /* Products */;
			projectDirPath = "";
			projectRoot = "";
			targets = (
				2C4B81CE2415904F0064B765 /* Gist */,
				2C4B81E4241590510064B765 /* GistTests */,
			);
		};
/* End PBXProject section */

/* Begin PBXResourcesBuildPhase section */
		2C4B81CD2415904F0064B765 /* Resources */ = {
			isa = PBXResourcesBuildPhase;
			buildActionMask = 2147483647;
			files = (
				2C4B81DF241590510064B765 /* LaunchScreen.storyboard in Resources */,
				2C4B81DC241590510064B765 /* Assets.xcassets in Resources */,
				2C4B81DA2415904F0064B765 /* Main.storyboard in Resources */,
			);
			runOnlyForDeploymentPostprocessing = 0;
		};
		2C4B81E3241590510064B765 /* Resources */ = {
			isa = PBXResourcesBuildPhase;
			buildActionMask = 2147483647;
			files = (
			);
			runOnlyForDeploymentPostprocessing = 0;
		};
/* End PBXResourcesBuildPhase section */

/* Begin PBXSourcesBuildPhase section */
		2C4B81CB2415904F0064B765 /* Sources */ = {
			isa = PBXSourcesBuildPhase;
			buildActionMask = 2147483647;
			files = (
				2C4B81D72415904F0064B765 /* ViewController.swift in Sources */,
				2C4B81D32415904F0064B765 /* AppDelegate.swift in Sources */,
				2C4B81D52415904F0064B765 /* SceneDelegate.swift in Sources */,
			);
			runOnlyForDeploymentPostprocessing = 0;
		};
		2C4B81E1241590510064B765 /* Sources */ = {
			isa = PBXSourcesBuildPhase;
			buildActionMask = 2147483647;
			files = (
				2C4B81EA241590510064B765 /* GistTests.swift in Sources */,
			);
			runOnlyForDeploymentPostprocessing = 0;
		};
/* End PBXSourcesBuildPhase section */

/* Begin PBXTargetDependency section */
		2C4B81E7241590510064B765 /* PBXTargetDependency */ = {
			isa = PBXTargetDependency;
			target = 2C4B81CE2415904F0064B765 /* Gist */;
			targetProxy = 2C4B81E6241590510064B765 /* PBXContainerItemProxy */;
		};
/* End PBXTargetDependency section */

/* Begin PBXVariantGroup section */
		2C4B81D82415904F0064B765 /* Main.storyboard */ = {
			isa = PBXVariantGroup;
			children = (
				2C4B81D92415904F0064B765 /* Base */,
			);
			name = Main.storyboard;
			sourceTree = "<group>";
		};
		2C4B81DD241590510064B765 /* LaunchScreen.storyboard */ = {
			isa = PBXVariantGroup;
			children = (
				2C4B81DE241590510064B765 /* Base */,
			);
			name = LaunchScreen.storyboard;
			sourceTree = "<group>";
		};
/* End PBXVariantGroup section */

/* Begin XCBuildConfiguration section */
		2C4B81EC241590510064B765 /* Debug */ = {
			isa = XCBuildConfiguration;
			buildSettings = {
				ALWAYS_SEARCH_USER_PATHS = NO;
				CLANG_ANALYZER_NONNULL = YES;
				CLANG_ANALYZER_NUMBER_OBJECT_CONVERSION = YES_AGGRESSIVE;
				CLANG_CXX_LANGUAGE_STANDARD = "gnu++14";
				CLANG_CXX_LIBRARY = "libc++";
				CLANG_ENABLE_MODULES = YES;
				CLANG_ENABLE_OBJC_ARC = YES;
				CLANG_ENABLE_OBJC_WEAK = YES;
				CLANG_WARN_BLOCK_CAPTURE_AUTORELEASING = YES;
				CLANG_WARN_BOOL_CONVERSION = YES;
				CLANG_WARN_COMMA = YES;
				CLANG_WARN_CONSTANT_CONVERSION = YES;
				CLANG_WARN_DEPRECATED_OBJC_IMPLEMENTATIONS = YES;
				CLANG_WARN_DIRECT_OBJC_ISA_USAGE = YES_ERROR;
				CLANG_WARN_DOCUMENTATION_COMMENTS = YES;
				CLANG_WARN_EMPTY_BODY = YES;
				CLANG_WARN_ENUM_CONVERSION = YES;
				CLANG_WARN_INFINITE_RECURSION = YES;
				CLANG_WARN_INT_CONVERSION = YES;
				CLANG_WARN_NON_LITERAL_NULL_CONVERSION = YES;
				CLANG_WARN_OBJC_IMPLICIT_RETAIN_SELF = YES;
				CLANG_WARN_OBJC_LITERAL_CONVERSION = YES;
				CLANG_WARN_OBJC_ROOT_CLASS = YES_ERROR;
				CLANG_WARN_RANGE_LOOP_ANALYSIS = YES;
				CLANG_WARN_STRICT_PROTOTYPES = YES;
				CLANG_WARN_SUSPICIOUS_MOVE = YES;
				CLANG_WARN_UNGUARDED_AVAILABILITY = YES_AGGRESSIVE;
				CLANG_WARN_UNREACHABLE_CODE = YES;
				CLANG_WARN__DUPLICATE_METHOD_MATCH = YES;
				COPY_PHASE_STRIP = NO;
				DEBUG_INFORMATION_FORMAT = dwarf;
				ENABLE_STRICT_OBJC_MSGSEND = YES;
				ENABLE_TESTABILITY = YES;
				GCC_C_LANGUAGE_STANDARD = gnu11;
				GCC_DYNAMIC_NO_PIC = NO;
				GCC_NO_COMMON_BLOCKS = YES;
				GCC_OPTIMIZATION_LEVEL = 0;
				GCC_PREPROCESSOR_DEFINITIONS = (
					"DEBUG=1",
					"$(inherited)",
				);
				GCC_WARN_64_TO_32_BIT_CONVERSION = YES;
				GCC_WARN_ABOUT_RETURN_TYPE = YES_ERROR;
				GCC_WARN_UNDECLARED_SELECTOR = YES;
				GCC_WARN_UNINITIALIZED_AUTOS = YES_AGGRESSIVE;
				GCC_WARN_UNUSED_FUNCTION = YES;
				GCC_WARN_UNUSED_VARIABLE = YES;
				IPHONEOS_DEPLOYMENT_TARGET = 13.2;
				MTL_ENABLE_DEBUG_INFO = INCLUDE_SOURCE;
				MTL_FAST_MATH = YES;
				ONLY_ACTIVE_ARCH = YES;
				SDKROOT = iphoneos;
				SWIFT_ACTIVE_COMPILATION_CONDITIONS = DEBUG;
				SWIFT_OPTIMIZATION_LEVEL = "-Onone";
			};
			name = Debug;
		};
		2C4B81ED241590510064B765 /* Release */ = {
			isa = XCBuildConfiguration;
			buildSettings = {
				ALWAYS_SEARCH_USER_PATHS = NO;
				CLANG_ANALYZER_NONNULL = YES;
				CLANG_ANALYZER_NUMBER_OBJECT_CONVERSION = YES_AGGRESSIVE;
				CLANG_CXX_LANGUAGE_STANDARD = "gnu++14";
				CLANG_CXX_LIBRARY = "libc++";
				CLANG_ENABLE_MODULES = YES;
				CLANG_ENABLE_OBJC_ARC = YES;
				CLANG_ENABLE_OBJC_WEAK = YES;
				CLANG_WARN_BLOCK_CAPTURE_AUTORELEASING = YES;
				CLANG_WARN_BOOL_CONVERSION = YES;
				CLANG_WARN_COMMA = YES;
				CLANG_WARN_CONSTANT_CONVERSION = YES;
				CLANG_WARN_DEPRECATED_OBJC_IMPLEMENTATIONS = YES;
				CLANG_WARN_DIRECT_OBJC_ISA_USAGE = YES_ERROR;
				CLANG_WARN_DOCUMENTATION_COMMENTS = YES;
				CLANG_WARN_EMPTY_BODY = YES;
				CLANG_WARN_ENUM_CONVERSION = YES;
				CLANG_WARN_INFINITE_RECURSION = YES;
				CLANG_WARN_INT_CONVERSION = YES;
				CLANG_WARN_NON_LITERAL_NULL_CONVERSION = YES;
				CLANG_WARN_OBJC_IMPLICIT_RETAIN_SELF = YES;
				CLANG_WARN_OBJC_LITERAL_CONVERSION = YES;
				CLANG_WARN_OBJC_ROOT_CLASS = YES_ERROR;
				CLANG_WARN_RANGE_LOOP_ANALYSIS = YES;
				CLANG_WARN_STRICT_PROTOTYPES = YES;
				CLANG_WARN_SUSPICIOUS_MOVE = YES;
				CLANG_WARN_UNGUARDED_AVAILABILITY = YES_AGGRESSIVE;
				CLANG_WARN_UNREACHABLE_CODE = YES;
				CLANG_WARN__DUPLICATE_METHOD_MATCH = YES;
				COPY_PHASE_STRIP = NO;
				DEBUG_INFORMATION_FORMAT = "dwarf-with-dsym";
				ENABLE_NS_ASSERTIONS = NO;
				ENABLE_STRICT_OBJC_MSGSEND = YES;
				GCC_C_LANGUAGE_STANDARD = gnu11;
				GCC_NO_COMMON_BLOCKS = YES;
				GCC_WARN_64_TO_32_BIT_CONVERSION = YES;
				GCC_WARN_ABOUT_RETURN_TYPE = YES_ERROR;
				GCC_WARN_UNDECLARED_SELECTOR = YES;
				GCC_WARN_UNINITIALIZED_AUTOS = YES_AGGRESSIVE;
				GCC_WARN_UNUSED_FUNCTION = YES;
				GCC_WARN_UNUSED_VARIABLE = YES;
				IPHONEOS_DEPLOYMENT_TARGET = 13.2;
				MTL_ENABLE_DEBUG_INFO = NO;
				MTL_FAST_MATH = YES;
				SDKROOT = iphoneos;
				SWIFT_COMPILATION_MODE = wholemodule;
				SWIFT_OPTIMIZATION_LEVEL = "-O";
				VALIDATE_PRODUCT = YES;
			};
			name = Release;
		};
		2C4B81EF241590510064B765 /* Debug */ = {
			isa = XCBuildConfiguration;
			buildSettings = {
				ASSETCATALOG_COMPILER_APPICON_NAME = AppIcon;
				CODE_SIGN_STYLE = Automatic;
				DEVELOPMENT_TEAM = 5V5G74YC8L;
				INFOPLIST_FILE = Gist/Info.plist;
				LD_RUNPATH_SEARCH_PATHS = (
					"$(inherited)",
					"@executable_path/Frameworks",
				);
				PRODUCT_BUNDLE_IDENTIFIER = com.lourin.Gist;
				PRODUCT_NAME = "$(TARGET_NAME)";
				SWIFT_VERSION = 5.0;
				TARGETED_DEVICE_FAMILY = 1;
			};
			name = Debug;
		};
		2C4B81F0241590510064B765 /* Release */ = {
			isa = XCBuildConfiguration;
			buildSettings = {
				ASSETCATALOG_COMPILER_APPICON_NAME = AppIcon;
				CODE_SIGN_STYLE = Automatic;
				DEVELOPMENT_TEAM = 5V5G74YC8L;
				INFOPLIST_FILE = Gist/Info.plist;
				LD_RUNPATH_SEARCH_PATHS = (
					"$(inherited)",
					"@executable_path/Frameworks",
				);
				PRODUCT_BUNDLE_IDENTIFIER = com.lourin.Gist;
				PRODUCT_NAME = "$(TARGET_NAME)";
				SWIFT_VERSION = 5.0;
				TARGETED_DEVICE_FAMILY = 1;
			};
			name = Release;
		};
		2C4B81F2241590510064B765 /* Debug */ = {
			isa = XCBuildConfiguration;
			buildSettings = {
				ALWAYS_EMBED_SWIFT_STANDARD_LIBRARIES = YES;
				BUNDLE_LOADER = "$(TEST_HOST)";
				CODE_SIGN_STYLE = Automatic;
				DEVELOPMENT_TEAM = 5V5G74YC8L;
				INFOPLIST_FILE = GistTests/Info.plist;
				IPHONEOS_DEPLOYMENT_TARGET = 13.2;
				LD_RUNPATH_SEARCH_PATHS = (
					"$(inherited)",
					"@executable_path/Frameworks",
					"@loader_path/Frameworks",
				);
				PRODUCT_BUNDLE_IDENTIFIER = com.lourin.GistTests;
				PRODUCT_NAME = "$(TARGET_NAME)";
				SWIFT_VERSION = 5.0;
				TARGETED_DEVICE_FAMILY = "1,2";
				TEST_HOST = "$(BUILT_PRODUCTS_DIR)/Gist.app/Gist";
			};
			name = Debug;
		};
		2C4B81F3241590510064B765 /* Release */ = {
			isa = XCBuildConfiguration;
			buildSettings = {
				ALWAYS_EMBED_SWIFT_STANDARD_LIBRARIES = YES;
				BUNDLE_LOADER = "$(TEST_HOST)";
				CODE_SIGN_STYLE = Automatic;
				DEVELOPMENT_TEAM = 5V5G74YC8L;
				INFOPLIST_FILE = GistTests/Info.plist;
				IPHONEOS_DEPLOYMENT_TARGET = 13.2;
				LD_RUNPATH_SEARCH_PATHS = (
					"$(inherited)",
					"@executable_path/Frameworks",
					"@loader_path/Frameworks",
				);
				PRODUCT_BUNDLE_IDENTIFIER = com.lourin.GistTests;
				PRODUCT_NAME = "$(TARGET_NAME)";
				SWIFT_VERSION = 5.0;
				TARGETED_DEVICE_FAMILY = "1,2";
				TEST_HOST = "$(BUILT_PRODUCTS_DIR)/Gist.app/Gist";
			};
			name = Release;
		};
/* End XCBuildConfiguration section */

/* Begin XCConfigurationList section */
		2C4B81CA2415904F0064B765 /* Build configuration list for PBXProject "Gist" */ = {
			isa = XCConfigurationList;
			buildConfigurations = (
				2C4B81EC241590510064B765 /* Debug */,
				2C4B81ED241590510064B765 /* Release */,
			);
			defaultConfigurationIsVisible = 0;
			defaultConfigurationName = Release;
		};
		2C4B81EE241590510064B765 /* Build configuration list for PBXNativeTarget "Gist" */ = {
			isa = XCConfigurationList;
			buildConfigurations = (
				2C4B81EF241590510064B765 /* Debug */,
				2C4B81F0241590510064B765 /* Release */,
			);
			defaultConfigurationIsVisible = 0;
			defaultConfigurationName = Release;
		};
		2C4B81F1241590510064B765 /* Build configuration list for PBXNativeTarget "GistTests" */ = {
			isa = XCConfigurationList;
			buildConfigurations = (
				2C4B81F2241590510064B765 /* Debug */,
				2C4B81F3241590510064B765 /* Release */,
			);
			defaultConfigurationIsVisible = 0;
			defaultConfigurationName = Release;
		};
/* End XCConfigurationList section */
	};
	rootObject = 2C4B81C72415904F0064B765 /* Project object */;
}
